// !$*UTF8*$!
{
	archiveVersion = 1;
	classes = {
	};
	objectVersion = 46;
	objects = {

/* Begin PBXBuildFile section */
		44CA66161D0A0765003B243E /* Settings.plist in Resources */ = {isa = PBXBuildFile; fileRef = 44CA66151D0A0765003B243E /* Settings.plist */; };
		B1DE5D85CF94018238AD5448 /* Pods_WeatherTest.framework in Frameworks */ = {isa = PBXBuildFile; fileRef = F05EDDFE383A537CE8781C29 /* Pods_WeatherTest.framework */; };
		D74230801A64B62200AC5094 /* AppDelegate.swift in Sources */ = {isa = PBXBuildFile; fileRef = D742307F1A64B62200AC5094 /* AppDelegate.swift */; };
		D74230821A64B62200AC5094 /* MainViewController.swift in Sources */ = {isa = PBXBuildFile; fileRef = D74230811A64B62200AC5094 /* MainViewController.swift */; };
		D74230841A64B62200AC5094 /* SettingsViewController.swift in Sources */ = {isa = PBXBuildFile; fileRef = D74230831A64B62200AC5094 /* SettingsViewController.swift */; };
		D74230871A64B62200AC5094 /* Main.storyboard in Resources */ = {isa = PBXBuildFile; fileRef = D74230851A64B62200AC5094 /* Main.storyboard */; };
		D74230891A64B62200AC5094 /* Images.xcassets in Resources */ = {isa = PBXBuildFile; fileRef = D74230881A64B62200AC5094 /* Images.xcassets */; };
		D742308C1A64B62200AC5094 /* LaunchScreen.xib in Resources */ = {isa = PBXBuildFile; fileRef = D742308A1A64B62200AC5094 /* LaunchScreen.xib */; };
		D74230981A64B62300AC5094 /* WeatherTestTests.swift in Sources */ = {isa = PBXBuildFile; fileRef = D74230971A64B62300AC5094 /* WeatherTestTests.swift */; };
		D74230A41A67599F00AC5094 /* CoreLocation.framework in Frameworks */ = {isa = PBXBuildFile; fileRef = D74230A31A67599F00AC5094 /* CoreLocation.framework */; };
/* End PBXBuildFile section */

/* Begin PBXContainerItemProxy section */
		D74230921A64B62300AC5094 /* PBXContainerItemProxy */ = {
			isa = PBXContainerItemProxy;
			containerPortal = D74230721A64B62200AC5094 /* Project object */;
			proxyType = 1;
			remoteGlobalIDString = D74230791A64B62200AC5094;
			remoteInfo = WeatherTest;
		};
/* End PBXContainerItemProxy section */

/* Begin PBXFileReference section */
		44CA66151D0A0765003B243E /* Settings.plist */ = {isa = PBXFileReference; fileEncoding = 4; lastKnownFileType = text.plist.xml; path = Settings.plist; sourceTree = "<group>"; };
		47006CC80A821E4833477A18 /* Pods-WeatherTest.debug.xcconfig */ = {isa = PBXFileReference; includeInIndex = 1; lastKnownFileType = text.xcconfig; name = "Pods-WeatherTest.debug.xcconfig"; path = "Pods/Target Support Files/Pods-WeatherTest/Pods-WeatherTest.debug.xcconfig"; sourceTree = "<group>"; };
		C8F09B3D5C7C59D968D8A98A /* Pods-WeatherTest.release.xcconfig */ = {isa = PBXFileReference; includeInIndex = 1; lastKnownFileType = text.xcconfig; name = "Pods-WeatherTest.release.xcconfig"; path = "Pods/Target Support Files/Pods-WeatherTest/Pods-WeatherTest.release.xcconfig"; sourceTree = "<group>"; };
		D742307A1A64B62200AC5094 /* WeatherTest.app */ = {isa = PBXFileReference; explicitFileType = wrapper.application; includeInIndex = 0; path = WeatherTest.app; sourceTree = BUILT_PRODUCTS_DIR; };
		D742307E1A64B62200AC5094 /* Info.plist */ = {isa = PBXFileReference; lastKnownFileType = text.plist.xml; path = Info.plist; sourceTree = "<group>"; };
		D742307F1A64B62200AC5094 /* AppDelegate.swift */ = {isa = PBXFileReference; lastKnownFileType = sourcecode.swift; path = AppDelegate.swift; sourceTree = "<group>"; };
		D74230811A64B62200AC5094 /* MainViewController.swift */ = {isa = PBXFileReference; lastKnownFileType = sourcecode.swift; path = MainViewController.swift; sourceTree = "<group>"; };
		D74230831A64B62200AC5094 /* SettingsViewController.swift */ = {isa = PBXFileReference; lastKnownFileType = sourcecode.swift; path = SettingsViewController.swift; sourceTree = "<group>"; };
		D74230861A64B62200AC5094 /* Base */ = {isa = PBXFileReference; lastKnownFileType = file.storyboard; name = Base; path = Base.lproj/Main.storyboard; sourceTree = "<group>"; };
		D74230881A64B62200AC5094 /* Images.xcassets */ = {isa = PBXFileReference; lastKnownFileType = folder.assetcatalog; path = Images.xcassets; sourceTree = "<group>"; };
		D742308B1A64B62200AC5094 /* Base */ = {isa = PBXFileReference; lastKnownFileType = file.xib; name = Base; path = Base.lproj/LaunchScreen.xib; sourceTree = "<group>"; };
		D74230911A64B62300AC5094 /* WeatherTestTests.xctest */ = {isa = PBXFileReference; explicitFileType = wrapper.cfbundle; includeInIndex = 0; path = WeatherTestTests.xctest; sourceTree = BUILT_PRODUCTS_DIR; };
		D74230961A64B62300AC5094 /* Info.plist */ = {isa = PBXFileReference; lastKnownFileType = text.plist.xml; path = Info.plist; sourceTree = "<group>"; };
		D74230971A64B62300AC5094 /* WeatherTestTests.swift */ = {isa = PBXFileReference; lastKnownFileType = sourcecode.swift; path = WeatherTestTests.swift; sourceTree = "<group>"; };
		D74230A31A67599F00AC5094 /* CoreLocation.framework */ = {isa = PBXFileReference; lastKnownFileType = wrapper.framework; name = CoreLocation.framework; path = System/Library/Frameworks/CoreLocation.framework; sourceTree = SDKROOT; };
		F05EDDFE383A537CE8781C29 /* Pods_WeatherTest.framework */ = {isa = PBXFileReference; explicitFileType = wrapper.framework; includeInIndex = 0; path = Pods_WeatherTest.framework; sourceTree = BUILT_PRODUCTS_DIR; };
/* End PBXFileReference section */

/* Begin PBXFrameworksBuildPhase section */
		D74230771A64B62200AC5094 /* Frameworks */ = {
			isa = PBXFrameworksBuildPhase;
			buildActionMask = 2147483647;
			files = (
				D74230A41A67599F00AC5094 /* CoreLocation.framework in Frameworks */,
				B1DE5D85CF94018238AD5448 /* Pods_WeatherTest.framework in Frameworks */,
			);
			runOnlyForDeploymentPostprocessing = 0;
		};
		D742308E1A64B62300AC5094 /* Frameworks */ = {
			isa = PBXFrameworksBuildPhase;
			buildActionMask = 2147483647;
			files = (
			);
			runOnlyForDeploymentPostprocessing = 0;
		};
/* End PBXFrameworksBuildPhase section */

/* Begin PBXGroup section */
		229DBC91980666AB9CF8C7D6 /* Frameworks */ = {
			isa = PBXGroup;
			children = (
				F05EDDFE383A537CE8781C29 /* Pods_WeatherTest.framework */,
			);
			name = Frameworks;
			sourceTree = "<group>";
		};
		D74230711A64B62200AC5094 = {
			isa = PBXGroup;
			children = (
				D74230A31A67599F00AC5094 /* CoreLocation.framework */,
				D742307C1A64B62200AC5094 /* WeatherTest */,
				D74230941A64B62300AC5094 /* WeatherTestTests */,
				D742307B1A64B62200AC5094 /* Products */,
				E695595E255C9CD4DAC824B0 /* Pods */,
				229DBC91980666AB9CF8C7D6 /* Frameworks */,
			);
			sourceTree = "<group>";
		};
		D742307B1A64B62200AC5094 /* Products */ = {
			isa = PBXGroup;
			children = (
				D742307A1A64B62200AC5094 /* WeatherTest.app */,
				D74230911A64B62300AC5094 /* WeatherTestTests.xctest */,
			);
			name = Products;
			sourceTree = "<group>";
		};
		D742307C1A64B62200AC5094 /* WeatherTest */ = {
			isa = PBXGroup;
			children = (
				D742307F1A64B62200AC5094 /* AppDelegate.swift */,
				D74230811A64B62200AC5094 /* MainViewController.swift */,
				D74230831A64B62200AC5094 /* SettingsViewController.swift */,
				D74230851A64B62200AC5094 /* Main.storyboard */,
				D74230881A64B62200AC5094 /* Images.xcassets */,
				D742308A1A64B62200AC5094 /* LaunchScreen.xib */,
				D742307D1A64B62200AC5094 /* Supporting Files */,
			);
			path = WeatherTest;
			sourceTree = "<group>";
		};
		D742307D1A64B62200AC5094 /* Supporting Files */ = {
			isa = PBXGroup;
			children = (
				D742307E1A64B62200AC5094 /* Info.plist */,
				44CA66151D0A0765003B243E /* Settings.plist */,
			);
			name = "Supporting Files";
			sourceTree = "<group>";
		};
		D74230941A64B62300AC5094 /* WeatherTestTests */ = {
			isa = PBXGroup;
			children = (
				D74230971A64B62300AC5094 /* WeatherTestTests.swift */,
				D74230951A64B62300AC5094 /* Supporting Files */,
			);
			path = WeatherTestTests;
			sourceTree = "<group>";
		};
		D74230951A64B62300AC5094 /* Supporting Files */ = {
			isa = PBXGroup;
			children = (
				D74230961A64B62300AC5094 /* Info.plist */,
			);
			name = "Supporting Files";
			sourceTree = "<group>";
		};
		E695595E255C9CD4DAC824B0 /* Pods */ = {
			isa = PBXGroup;
			children = (
				47006CC80A821E4833477A18 /* Pods-WeatherTest.debug.xcconfig */,
				C8F09B3D5C7C59D968D8A98A /* Pods-WeatherTest.release.xcconfig */,
			);
			name = Pods;
			sourceTree = "<group>";
		};
/* End PBXGroup section */

/* Begin PBXNativeTarget section */
		D74230791A64B62200AC5094 /* WeatherTest */ = {
			isa = PBXNativeTarget;
			buildConfigurationList = D742309B1A64B62300AC5094 /* Build configuration list for PBXNativeTarget "WeatherTest" */;
			buildPhases = (
				21C3A2F88B598D0E6E941F3A /* 📦 Check Pods Manifest.lock */,
				D74230761A64B62200AC5094 /* Sources */,
				D74230771A64B62200AC5094 /* Frameworks */,
				D74230781A64B62200AC5094 /* Resources */,
				F3FE9CEB471731855CF22E95 /* 📦 Embed Pods Frameworks */,
				166967D1E4ADAD65FABBD12B /* 📦 Copy Pods Resources */,
			);
			buildRules = (
			);
			dependencies = (
			);
			name = WeatherTest;
			productName = WeatherTest;
			productReference = D742307A1A64B62200AC5094 /* WeatherTest.app */;
			productType = "com.apple.product-type.application";
		};
		D74230901A64B62300AC5094 /* WeatherTestTests */ = {
			isa = PBXNativeTarget;
			buildConfigurationList = D742309E1A64B62300AC5094 /* Build configuration list for PBXNativeTarget "WeatherTestTests" */;
			buildPhases = (
				D742308D1A64B62300AC5094 /* Sources */,
				D742308E1A64B62300AC5094 /* Frameworks */,
				D742308F1A64B62300AC5094 /* Resources */,
			);
			buildRules = (
			);
			dependencies = (
				D74230931A64B62300AC5094 /* PBXTargetDependency */,
			);
			name = WeatherTestTests;
			productName = WeatherTestTests;
			productReference = D74230911A64B62300AC5094 /* WeatherTestTests.xctest */;
			productType = "com.apple.product-type.bundle.unit-test";
		};
/* End PBXNativeTarget section */

/* Begin PBXProject section */
		D74230721A64B62200AC5094 /* Project object */ = {
			isa = PBXProject;
			attributes = {
				LastSwiftUpdateCheck = 0730;
				LastUpgradeCheck = 0610;
				ORGANIZATIONNAME = "Gaurav Konchady";
				TargetAttributes = {
					D74230791A64B62200AC5094 = {
						CreatedOnToolsVersion = 6.1;
						DevelopmentTeam = 4NA6BYRJ53;
						LastSwiftMigration = 0830;
					};
					D74230901A64B62300AC5094 = {
						CreatedOnToolsVersion = 6.1;
						LastSwiftMigration = 0830;
						TestTargetID = D74230791A64B62200AC5094;
					};
				};
			};
			buildConfigurationList = D74230751A64B62200AC5094 /* Build configuration list for PBXProject "WeatherTest" */;
			compatibilityVersion = "Xcode 3.2";
			developmentRegion = English;
			hasScannedForEncodings = 0;
			knownRegions = (
				en,
				Base,
			);
			mainGroup = D74230711A64B62200AC5094;
			productRefGroup = D742307B1A64B62200AC5094 /* Products */;
			projectDirPath = "";
			projectRoot = "";
			targets = (
				D74230791A64B62200AC5094 /* WeatherTest */,
				D74230901A64B62300AC5094 /* WeatherTestTests */,
			);
		};
/* End PBXProject section */

/* Begin PBXResourcesBuildPhase section */
		D74230781A64B62200AC5094 /* Resources */ = {
			isa = PBXResourcesBuildPhase;
			buildActionMask = 2147483647;
			files = (
				D74230871A64B62200AC5094 /* Main.storyboard in Resources */,
				D742308C1A64B62200AC5094 /* LaunchScreen.xib in Resources */,
				D74230891A64B62200AC5094 /* Images.xcassets in Resources */,
				44CA66161D0A0765003B243E /* Settings.plist in Resources */,
			);
			runOnlyForDeploymentPostprocessing = 0;
		};
		D742308F1A64B62300AC5094 /* Resources */ = {
			isa = PBXResourcesBuildPhase;
			buildActionMask = 2147483647;
			files = (
			);
			runOnlyForDeploymentPostprocessing = 0;
		};
/* End PBXResourcesBuildPhase section */

/* Begin PBXShellScriptBuildPhase section */
		166967D1E4ADAD65FABBD12B /* 📦 Copy Pods Resources */ = {
			isa = PBXShellScriptBuildPhase;
			buildActionMask = 2147483647;
			files = (
			);
			inputPaths = (
			);
			name = "📦 Copy Pods Resources";
			outputPaths = (
			);
			runOnlyForDeploymentPostprocessing = 0;
			shellPath = /bin/sh;
			shellScript = "\"${SRCROOT}/Pods/Target Support Files/Pods-WeatherTest/Pods-WeatherTest-resources.sh\"\n";
			showEnvVarsInLog = 0;
		};
		21C3A2F88B598D0E6E941F3A /* 📦 Check Pods Manifest.lock */ = {
			isa = PBXShellScriptBuildPhase;
			buildActionMask = 2147483647;
			files = (
			);
			inputPaths = (
			);
			name = "📦 Check Pods Manifest.lock";
			outputPaths = (
			);
			runOnlyForDeploymentPostprocessing = 0;
			shellPath = /bin/sh;
			shellScript = "diff \"${PODS_ROOT}/../Podfile.lock\" \"${PODS_ROOT}/Manifest.lock\" > /dev/null\nif [[ $? != 0 ]] ; then\n    cat << EOM\nerror: The sandbox is not in sync with the Podfile.lock. Run 'pod install' or update your CocoaPods installation.\nEOM\n    exit 1\nfi\n";
			showEnvVarsInLog = 0;
		};
		F3FE9CEB471731855CF22E95 /* 📦 Embed Pods Frameworks */ = {
			isa = PBXShellScriptBuildPhase;
			buildActionMask = 2147483647;
			files = (
			);
			inputPaths = (
			);
			name = "📦 Embed Pods Frameworks";
			outputPaths = (
			);
			runOnlyForDeploymentPostprocessing = 0;
			shellPath = /bin/sh;
			shellScript = "\"${SRCROOT}/Pods/Target Support Files/Pods-WeatherTest/Pods-WeatherTest-frameworks.sh\"\n";
			showEnvVarsInLog = 0;
		};
/* End PBXShellScriptBuildPhase section */

/* Begin PBXSourcesBuildPhase section */
		D74230761A64B62200AC5094 /* Sources */ = {
			isa = PBXSourcesBuildPhase;
			buildActionMask = 2147483647;
			files = (
				D74230841A64B62200AC5094 /* SettingsViewController.swift in Sources */,
				D74230801A64B62200AC5094 /* AppDelegate.swift in Sources */,
				D74230821A64B62200AC5094 /* MainViewController.swift in Sources */,
			);
			runOnlyForDeploymentPostprocessing = 0;
		};
		D742308D1A64B62300AC5094 /* Sources */ = {
			isa = PBXSourcesBuildPhase;
			buildActionMask = 2147483647;
			files = (
				D74230981A64B62300AC5094 /* WeatherTestTests.swift in Sources */,
			);
			runOnlyForDeploymentPostprocessing = 0;
		};
/* End PBXSourcesBuildPhase section */

/* Begin PBXTargetDependency section */
		D74230931A64B62300AC5094 /* PBXTargetDependency */ = {
			isa = PBXTargetDependency;
			target = D74230791A64B62200AC5094 /* WeatherTest */;
			targetProxy = D74230921A64B62300AC5094 /* PBXContainerItemProxy */;
		};
/* End PBXTargetDependency section */

/* Begin PBXVariantGroup section */
		D74230851A64B62200AC5094 /* Main.storyboard */ = {
			isa = PBXVariantGroup;
			children = (
				D74230861A64B62200AC5094 /* Base */,
			);
			name = Main.storyboard;
			sourceTree = "<group>";
		};
		D742308A1A64B62200AC5094 /* LaunchScreen.xib */ = {
			isa = PBXVariantGroup;
			children = (
				D742308B1A64B62200AC5094 /* Base */,
			);
			name = LaunchScreen.xib;
			sourceTree = "<group>";
		};
/* End PBXVariantGroup section */

/* Begin XCBuildConfiguration section */
		D74230991A64B62300AC5094 /* Debug */ = {
			isa = XCBuildConfiguration;
			buildSettings = {
				ALWAYS_SEARCH_USER_PATHS = NO;
				CLANG_CXX_LANGUAGE_STANDARD = "gnu++0x";
				CLANG_CXX_LIBRARY = "libc++";
				CLANG_ENABLE_MODULES = YES;
				CLANG_ENABLE_OBJC_ARC = YES;
				CLANG_WARN_BOOL_CONVERSION = YES;
				CLANG_WARN_CONSTANT_CONVERSION = YES;
				CLANG_WARN_DIRECT_OBJC_ISA_USAGE = YES_ERROR;
				CLANG_WARN_EMPTY_BODY = YES;
				CLANG_WARN_ENUM_CONVERSION = YES;
				CLANG_WARN_INT_CONVERSION = YES;
				CLANG_WARN_OBJC_ROOT_CLASS = YES_ERROR;
				CLANG_WARN_UNREACHABLE_CODE = YES;
				CLANG_WARN__DUPLICATE_METHOD_MATCH = YES;
				"CODE_SIGN_IDENTITY[sdk=iphoneos*]" = "iPhone Developer";
				COPY_PHASE_STRIP = NO;
				ENABLE_STRICT_OBJC_MSGSEND = YES;
				GCC_C_LANGUAGE_STANDARD = gnu99;
				GCC_DYNAMIC_NO_PIC = NO;
				GCC_OPTIMIZATION_LEVEL = 0;
				GCC_PREPROCESSOR_DEFINITIONS = (
					"DEBUG=1",
					"$(inherited)",
				);
				GCC_SYMBOLS_PRIVATE_EXTERN = NO;
				GCC_WARN_64_TO_32_BIT_CONVERSION = YES;
				GCC_WARN_ABOUT_RETURN_TYPE = YES_ERROR;
				GCC_WARN_UNDECLARED_SELECTOR = YES;
				GCC_WARN_UNINITIALIZED_AUTOS = YES_AGGRESSIVE;
				GCC_WARN_UNUSED_FUNCTION = YES;
				GCC_WARN_UNUSED_VARIABLE = YES;
				IPHONEOS_DEPLOYMENT_TARGET = 8.1;
				MTL_ENABLE_DEBUG_INFO = YES;
				ONLY_ACTIVE_ARCH = YES;
				SDKROOT = iphoneos;
				SWIFT_OPTIMIZATION_LEVEL = "-Onone";
				SWIFT_VERSION = 3.0;
			};
			name = Debug;
		};
		D742309A1A64B62300AC5094 /* Release */ = {
			isa = XCBuildConfiguration;
			buildSettings = {
				ALWAYS_SEARCH_USER_PATHS = NO;
				CLANG_CXX_LANGUAGE_STANDARD = "gnu++0x";
				CLANG_CXX_LIBRARY = "libc++";
				CLANG_ENABLE_MODULES = YES;
				CLANG_ENABLE_OBJC_ARC = YES;
				CLANG_WARN_BOOL_CONVERSION = YES;
				CLANG_WARN_CONSTANT_CONVERSION = YES;
				CLANG_WARN_DIRECT_OBJC_ISA_USAGE = YES_ERROR;
				CLANG_WARN_EMPTY_BODY = YES;
				CLANG_WARN_ENUM_CONVERSION = YES;
				CLANG_WARN_INT_CONVERSION = YES;
				CLANG_WARN_OBJC_ROOT_CLASS = YES_ERROR;
				CLANG_WARN_UNREACHABLE_CODE = YES;
				CLANG_WARN__DUPLICATE_METHOD_MATCH = YES;
				"CODE_SIGN_IDENTITY[sdk=iphoneos*]" = "iPhone Developer";
				COPY_PHASE_STRIP = YES;
				ENABLE_NS_ASSERTIONS = NO;
				ENABLE_STRICT_OBJC_MSGSEND = YES;
				GCC_C_LANGUAGE_STANDARD = gnu99;
				GCC_WARN_64_TO_32_BIT_CONVERSION = YES;
				GCC_WARN_ABOUT_RETURN_TYPE = YES_ERROR;
				GCC_WARN_UNDECLARED_SELECTOR = YES;
				GCC_WARN_UNINITIALIZED_AUTOS = YES_AGGRESSIVE;
				GCC_WARN_UNUSED_FUNCTION = YES;
				GCC_WARN_UNUSED_VARIABLE = YES;
				IPHONEOS_DEPLOYMENT_TARGET = 8.1;
				MTL_ENABLE_DEBUG_INFO = NO;
				SDKROOT = iphoneos;
				SWIFT_VERSION = 3.0;
				VALIDATE_PRODUCT = YES;
			};
			name = Release;
		};
		D742309C1A64B62300AC5094 /* Debug */ = {
			isa = XCBuildConfiguration;
			baseConfigurationReference = 47006CC80A821E4833477A18 /* Pods-WeatherTest.debug.xcconfig */;
			buildSettings = {
				ASSETCATALOG_COMPILER_APPICON_NAME = AppIcon;
				CODE_SIGN_IDENTITY = "iPhone Developer";
				"CODE_SIGN_IDENTITY[sdk=iphoneos*]" = "iPhone Developer";
				DEVELOPMENT_TEAM = 4NA6BYRJ53;
				INFOPLIST_FILE = WeatherTest/Info.plist;
				LD_RUNPATH_SEARCH_PATHS = "$(inherited) @executable_path/Frameworks";
				PRODUCT_NAME = "$(TARGET_NAME)";
				PROVISIONING_PROFILE = "";
				SWIFT_VERSION = 4.2;
			};
			name = Debug;
		};
		D742309D1A64B62300AC5094 /* Release */ = {
			isa = XCBuildConfiguration;
			baseConfigurationReference = C8F09B3D5C7C59D968D8A98A /* Pods-WeatherTest.release.xcconfig */;
			buildSettings = {
				ASSETCATALOG_COMPILER_APPICON_NAME = AppIcon;
				CODE_SIGN_IDENTITY = "iPhone Developer";
				"CODE_SIGN_IDENTITY[sdk=iphoneos*]" = "iPhone Developer";
				DEVELOPMENT_TEAM = 4NA6BYRJ53;
				INFOPLIST_FILE = WeatherTest/Info.plist;
				LD_RUNPATH_SEARCH_PATHS = "$(inherited) @executable_path/Frameworks";
				PRODUCT_NAME = "$(TARGET_NAME)";
				PROVISIONING_PROFILE = "";
				SWIFT_VERSION = 4.2;
			};
			name = Release;
		};
		D742309F1A64B62300AC5094 /* Debug */ = {
			isa = XCBuildConfiguration;
			buildSettings = {
				BUNDLE_LOADER = "$(TEST_HOST)";
				FRAMEWORK_SEARCH_PATHS = (
					"$(SDKROOT)/Developer/Library/Frameworks",
					"$(inherited)",
				);
				GCC_PREPROCESSOR_DEFINITIONS = (
					"DEBUG=1",
					"$(inherited)",
				);
				INFOPLIST_FILE = WeatherTestTests/Info.plist;
				LD_RUNPATH_SEARCH_PATHS = "$(inherited) @executable_path/Frameworks @loader_path/Frameworks";
				PRODUCT_NAME = "$(TARGET_NAME)";
				SWIFT_VERSION = 3.0;
				TEST_HOST = "$(BUILT_PRODUCTS_DIR)/WeatherTest.app/WeatherTest";
			};
			name = Debug;
		};
		D74230A01A64B62300AC5094 /* Release */ = {
			isa = XCBuildConfiguration;
			buildSettings = {
				BUNDLE_LOADER = "$(TEST_HOST)";
				FRAMEWORK_SEARCH_PATHS = (
					"$(SDKROOT)/Developer/Library/Frameworks",
					"$(inherited)",
				);
				INFOPLIST_FILE = WeatherTestTests/Info.plist;
				LD_RUNPATH_SEARCH_PATHS = "$(inherited) @executable_path/Frameworks @loader_path/Frameworks";
				PRODUCT_NAME = "$(TARGET_NAME)";
				SWIFT_VERSION = 3.0;
				TEST_HOST = "$(BUILT_PRODUCTS_DIR)/WeatherTest.app/WeatherTest";
			};
			name = Release;
		};
/* End XCBuildConfiguration section */

/* Begin XCConfigurationList section */
		D74230751A64B62200AC5094 /* Build configuration list for PBXProject "WeatherTest" */ = {
			isa = XCConfigurationList;
			buildConfigurations = (
				D74230991A64B62300AC5094 /* Debug */,
				D742309A1A64B62300AC5094 /* Release */,
			);
			defaultConfigurationIsVisible = 0;
			defaultConfigurationName = Release;
		};
		D742309B1A64B62300AC5094 /* Build configuration list for PBXNativeTarget "WeatherTest" */ = {
			isa = XCConfigurationList;
			buildConfigurations = (
				D742309C1A64B62300AC5094 /* Debug */,
				D742309D1A64B62300AC5094 /* Release */,
			);
			defaultConfigurationIsVisible = 0;
			defaultConfigurationName = Release;
		};
		D742309E1A64B62300AC5094 /* Build configuration list for PBXNativeTarget "WeatherTestTests" */ = {
			isa = XCConfigurationList;
			buildConfigurations = (
				D742309F1A64B62300AC5094 /* Debug */,
				D74230A01A64B62300AC5094 /* Release */,
			);
			defaultConfigurationIsVisible = 0;
			defaultConfigurationName = Release;
		};
/* End XCConfigurationList section */
	};
	rootObject = D74230721A64B62200AC5094 /* Project object */;
}
